Microsoft Visual Studio Solution File, Format Version 12.00
# Visual Studio Version 17
VisualStudioVersion = 17.0.31903.59
MinimumVisualStudioVersion = 10.0.40219.1
Project("{8BC9CEB8-8B4A-11D0-8D11-00A0C91BC942}") = "OPSQLite", "OPSQLite\OPSQLite.vcxproj", "{7E51A4F8-8550-4A99-8F2C-79B9AA5A0DB9}"
EndProject
Global
	GlobalSection(SolutionConfigurationPlatforms) = preSolution
		Debug|ARM64 = Debug|ARM64
		Debug|x64 = Debug|x64
		Debug|x86 = Debug|x86
		Release|ARM64 = Release|ARM64
		Release|x64 = Release|x64
		Release|x86 = Release|x86
	EndGlobalSection
	GlobalSection(ProjectConfigurationPlatforms) = postSolution
		{7E51A4F8-8550-4A99-8F2C-79B9AA5A0DB9}.Debug|ARM64.ActiveCfg = Debug|ARM64
		{7E51A4F8-8550-4A99-8F2C-79B9AA5A0DB9}.Debug|ARM64.Build.0 = Debug|ARM64
		{7E51A4F8-8550-4A99-8F2C-79B9AA5A0DB9}.Debug|x64.ActiveCfg = Debug|x64
		{7E51A4F8-8550-4A99-8F2C-79B9AA5A0DB9}.Debug|x64.Build.0 = Debug|x64
		{7E51A4F8-8550-4A99-8F2C-79B9AA5A0DB9}.Debug|x86.ActiveCfg = Debug|Win32
		{7E51A4F8-8550-4A99-8F2C-79B9AA5A0DB9}.Debug|x86.Build.0 = Debug|Win32
		{7E51A4F8-8550-4A99-8F2C-79B9AA5A0DB9}.Release|ARM64.ActiveCfg = Release|ARM64
		{7E51A4F8-8550-4A99-8F2C-79B9AA5A0DB9}.Release|ARM64.Build.0 = Release|ARM64
		{7E51A4F8-8550-4A99-8F2C-79B9AA5A0DB9}.Release|x64.ActiveCfg = Release|x64
		{7E51A4F8-8550-4A99-8F2C-79B9AA5A0DB9}.Release|x64.Build.0 = Release|x64
		{7E51A4F8-8550-4A99-8F2C-79B9AA5A0DB9}.Release|x86.ActiveCfg = Release|Win32
		{7E51A4F8-8550-4A99-8F2C-79B9AA5A0DB9}.Release|x86.Build.0 = Release|Win32
	EndGlobalSection
	GlobalSection(SolutionProperties) = preSolution
		HideSolutionNode = FALSE
	EndGlobalSection
	GlobalSection(ExtensibilityGlobals) = postSolution
		SolutionGuid = {08B52A4A-DF4F-4E2A-8C0F-2AD5E2A5C5A8}
	EndGlobalSection
EndGlobal
