{
  "version": 1,
  "dependencies": {
    "UAP,Version=v10.0.17763": {
      "Microsoft.WindowsAppSDK": {
        "type": "Direct",
        "requested": "[1.7.250401001, )",
        "resolved": "1.7.250401001",
        "contentHash": "kPsJ2LZoo3Xs/6FtIWMZRGnQ2ZMx9zDa0ZpqRGz1qwZr0gwwlXZJTmngaA1Ym2AHmIa05NtX2jEE2He8CzfhTg==",
        "dependencies": {
          "Microsoft.Web.WebView2": "1.0.2903.40",
          "Microsoft.Windows.SDK.BuildTools": "10.0.22621.756"
        }
      },
      "Microsoft.Web.WebView2": {
        "type": "Transitive",
        "resolved": "1.0.2903.40",
        "contentHash": "THrzYAnJgE3+cNH+9Epr44XjoZoRELdVpXlWGPs6K9C9G6TqyDfVCeVAR/Er8ljLitIUX5gaSkPsy9wRhD1sgQ=="
      },
      "Microsoft.Windows.SDK.BuildTools": {
        "type": "Transitive",
        "resolved": "10.0.22621.756",
        "contentHash": "7ZL2sFSioYm1Ry067Kw1hg0SCcW5kuVezC2SwjGbcPE61Nn+gTbH86T73G3LcEOVj0S3IZzNuE/29gZvOLS7VA=="
      },
      "opsqlite": {
        "type": "Project"
      },
      "opsqliteexample": {
        "type": "Project",
        "dependencies": {
          "OpSqlite": "[1.0.0, )"
        }
      }
    },
    "UAP,Version=v10.0.17763/win10-arm": {
      "Microsoft.WindowsAppSDK": {
        "type": "Direct",
        "requested": "[1.7.250401001, )",
        "resolved": "1.7.250401001",
        "contentHash": "kPsJ2LZoo3Xs/6FtIWMZRGnQ2ZMx9zDa0ZpqRGz1qwZr0gwwlXZJTmngaA1Ym2AHmIa05NtX2jEE2He8CzfhTg==",
        "dependencies": {
          "Microsoft.Web.WebView2": "1.0.2903.40",
          "Microsoft.Windows.SDK.BuildTools": "10.0.22621.756"
        }
      },
      "Microsoft.Web.WebView2": {
        "type": "Transitive",
        "resolved": "1.0.2903.40",
        "contentHash": "THrzYAnJgE3+cNH+9Epr44XjoZoRELdVpXlWGPs6K9C9G6TqyDfVCeVAR/Er8ljLitIUX5gaSkPsy9wRhD1sgQ=="
      }
    },
    "UAP,Version=v10.0.17763/win10-arm-aot": {
      "Microsoft.WindowsAppSDK": {
        "type": "Direct",
        "requested": "[1.7.250401001, )",
        "resolved": "1.7.250401001",
        "contentHash": "kPsJ2LZoo3Xs/6FtIWMZRGnQ2ZMx9zDa0ZpqRGz1qwZr0gwwlXZJTmngaA1Ym2AHmIa05NtX2jEE2He8CzfhTg==",
        "dependencies": {
          "Microsoft.Web.WebView2": "1.0.2903.40",
          "Microsoft.Windows.SDK.BuildTools": "10.0.22621.756"
        }
      },
      "Microsoft.Web.WebView2": {
        "type": "Transitive",
        "resolved": "1.0.2903.40",
        "contentHash": "THrzYAnJgE3+cNH+9Epr44XjoZoRELdVpXlWGPs6K9C9G6TqyDfVCeVAR/Er8ljLitIUX5gaSkPsy9wRhD1sgQ=="
      }
    },
    "UAP,Version=v10.0.17763/win10-arm64-aot": {
      "Microsoft.WindowsAppSDK": {
        "type": "Direct",
        "requested": "[1.7.250401001, )",
        "resolved": "1.7.250401001",
        "contentHash": "kPsJ2LZoo3Xs/6FtIWMZRGnQ2ZMx9zDa0ZpqRGz1qwZr0gwwlXZJTmngaA1Ym2AHmIa05NtX2jEE2He8CzfhTg==",
        "dependencies": {
          "Microsoft.Web.WebView2": "1.0.2903.40",
          "Microsoft.Windows.SDK.BuildTools": "10.0.22621.756"
        }
      },
      "Microsoft.Web.WebView2": {
        "type": "Transitive",
        "resolved": "1.0.2903.40",
        "contentHash": "THrzYAnJgE3+cNH+9Epr44XjoZoRELdVpXlWGPs6K9C9G6TqyDfVCeVAR/Er8ljLitIUX5gaSkPsy9wRhD1sgQ=="
      }
    },
    "UAP,Version=v10.0.17763/win10-x64": {
      "Microsoft.WindowsAppSDK": {
        "type": "Direct",
        "requested": "[1.7.250401001, )",
        "resolved": "1.7.250401001",
        "contentHash": "kPsJ2LZoo3Xs/6FtIWMZRGnQ2ZMx9zDa0ZpqRGz1qwZr0gwwlXZJTmngaA1Ym2AHmIa05NtX2jEE2He8CzfhTg==",
        "dependencies": {
          "Microsoft.Web.WebView2": "1.0.2903.40",
          "Microsoft.Windows.SDK.BuildTools": "10.0.22621.756"
        }
      },
      "Microsoft.Web.WebView2": {
        "type": "Transitive",
        "resolved": "1.0.2903.40",
        "contentHash": "THrzYAnJgE3+cNH+9Epr44XjoZoRELdVpXlWGPs6K9C9G6TqyDfVCeVAR/Er8ljLitIUX5gaSkPsy9wRhD1sgQ=="
      }
    },
    "UAP,Version=v10.0.17763/win10-x64-aot": {
      "Microsoft.WindowsAppSDK": {
        "type": "Direct",
        "requested": "[1.7.250401001, )",
        "resolved": "1.7.250401001",
        "contentHash": "kPsJ2LZoo3Xs/6FtIWMZRGnQ2ZMx9zDa0ZpqRGz1qwZr0gwwlXZJTmngaA1Ym2AHmIa05NtX2jEE2He8CzfhTg==",
        "dependencies": {
          "Microsoft.Web.WebView2": "1.0.2903.40",
          "Microsoft.Windows.SDK.BuildTools": "10.0.22621.756"
        }
      },
      "Microsoft.Web.WebView2": {
        "type": "Transitive",
        "resolved": "1.0.2903.40",
        "contentHash": "THrzYAnJgE3+cNH+9Epr44XjoZoRELdVpXlWGPs6K9C9G6TqyDfVCeVAR/Er8ljLitIUX5gaSkPsy9wRhD1sgQ=="
      }
    },
    "UAP,Version=v10.0.17763/win10-x86": {
      "Microsoft.WindowsAppSDK": {
        "type": "Direct",
        "requested": "[1.7.250401001, )",
        "resolved": "1.7.250401001",
        "contentHash": "kPsJ2LZoo3Xs/6FtIWMZRGnQ2ZMx9zDa0ZpqRGz1qwZr0gwwlXZJTmngaA1Ym2AHmIa05NtX2jEE2He8CzfhTg==",
        "dependencies": {
          "Microsoft.Web.WebView2": "1.0.2903.40",
          "Microsoft.Windows.SDK.BuildTools": "10.0.22621.756"
        }
      },
      "Microsoft.Web.WebView2": {
        "type": "Transitive",
        "resolved": "1.0.2903.40",
        "contentHash": "THrzYAnJgE3+cNH+9Epr44XjoZoRELdVpXlWGPs6K9C9G6TqyDfVCeVAR/Er8ljLitIUX5gaSkPsy9wRhD1sgQ=="
      }
    },
    "UAP,Version=v10.0.17763/win10-x86-aot": {
      "Microsoft.WindowsAppSDK": {
        "type": "Direct",
        "requested": "[1.7.250401001, )",
        "resolved": "1.7.250401001",
        "contentHash": "kPsJ2LZoo3Xs/6FtIWMZRGnQ2ZMx9zDa0ZpqRGz1qwZr0gwwlXZJTmngaA1Ym2AHmIa05NtX2jEE2He8CzfhTg==",
        "dependencies": {
          "Microsoft.Web.WebView2": "1.0.2903.40",
          "Microsoft.Windows.SDK.BuildTools": "10.0.22621.756"
        }
      },
      "Microsoft.Web.WebView2": {
        "type": "Transitive",
        "resolved": "1.0.2903.40",
        "contentHash": "THrzYAnJgE3+cNH+9Epr44XjoZoRELdVpXlWGPs6K9C9G6TqyDfVCeVAR/Er8ljLitIUX5gaSkPsy9wRhD1sgQ=="
      }
    }
  }
}